# Code generated by scarb DO NOT EDIT.
version = 1

[[package]]
name = "channel"
version = "0.1.0"
dependencies = [
 "common",
]

[[package]]
name = "common"
version = "0.1.0"

[[package]]
name = "structs"
version = "0.1.0"

[[package]]
name = "verifier"
version = "0.1.0"
dependencies = [
 "structs",
]
