# Code generated by scarb DO NOT EDIT.
version = 1

[[package]]
name = "cairo_verifier"
version = "0.1.0"
dependencies = [
 "snforge_std",
]

[[package]]
name = "snforge_std"
version = "0.1.0"
source = "git+https://github.com/foundry-rs/starknet-foundry.git?tag=v0.11.0#5465c41541c44a7804d16318fab45a2f0ccec9e7"
